// !$*UTF8*$!
{
	archiveVersion = 1;
	classes = {
	};
	objectVersion = 46;
	objects = {

/* Begin PBXBuildFile section */
		5990D2491E8F039C00ABE381 /* AppDelegate.swift in Sources */ = {isa = PBXBuildFile; fileRef = 5990D2481E8F039C00ABE381 /* AppDelegate.swift */; };
		5990D24B1E8F039C00ABE381 /* ViewController.swift in Sources */ = {isa = PBXBuildFile; fileRef = 5990D24A1E8F039C00ABE381 /* ViewController.swift */; };
		5990D24D1E8F039C00ABE381 /* Assets.xcassets in Resources */ = {isa = PBXBuildFile; fileRef = 5990D24C1E8F039C00ABE381 /* Assets.xcassets */; };
		5990D2501E8F039C00ABE381 /* Main.storyboard in Resources */ = {isa = PBXBuildFile; fileRef = 5990D24E1E8F039C00ABE381 /* Main.storyboard */; };
		5990D25B1E8F039C00ABE381 /* MACTests.swift in Sources */ = {isa = PBXBuildFile; fileRef = 5990D25A1E8F039C00ABE381 /* MACTests.swift */; };
		5990D2661E8F039C00ABE381 /* MACUITests.swift in Sources */ = {isa = PBXBuildFile; fileRef = 5990D2651E8F039C00ABE381 /* MACUITests.swift */; };
		5990D2801E8F06A500ABE381 /* gpx.py in Resources */ = {isa = PBXBuildFile; fileRef = 5990D27F1E8F06A500ABE381 /* gpx.py */; };
/* End PBXBuildFile section */

/* Begin PBXContainerItemProxy section */
		5990D2571E8F039C00ABE381 /* PBXContainerItemProxy */ = {
			isa = PBXContainerItemProxy;
			containerPortal = 5990D23D1E8F039C00ABE381 /* Project object */;
			proxyType = 1;
			remoteGlobalIDString = 5990D2441E8F039C00ABE381;
			remoteInfo = MAC;
		};
		5990D2621E8F039C00ABE381 /* PBXContainerItemProxy */ = {
			isa = PBXContainerItemProxy;
			containerPortal = 5990D23D1E8F039C00ABE381 /* Project object */;
			proxyType = 1;
			remoteGlobalIDString = 5990D2441E8F039C00ABE381;
			remoteInfo = MAC;
		};
/* End PBXContainerItemProxy section */

/* Begin PBXFileReference section */
		5990D2451E8F039C00ABE381 /* MAC.app */ = {isa = PBXFileReference; explicitFileType = wrapper.application; includeInIndex = 0; path = MAC.app; sourceTree = BUILT_PRODUCTS_DIR; };
		5990D2481E8F039C00ABE381 /* AppDelegate.swift */ = {isa = PBXFileReference; lastKnownFileType = sourcecode.swift; path = AppDelegate.swift; sourceTree = "<group>"; };
		5990D24A1E8F039C00ABE381 /* ViewController.swift */ = {isa = PBXFileReference; lastKnownFileType = sourcecode.swift; path = ViewController.swift; sourceTree = "<group>"; };
		5990D24C1E8F039C00ABE381 /* Assets.xcassets */ = {isa = PBXFileReference; lastKnownFileType = folder.assetcatalog; path = Assets.xcassets; sourceTree = "<group>"; };
		5990D24F1E8F039C00ABE381 /* Base */ = {isa = PBXFileReference; lastKnownFileType = file.storyboard; name = Base; path = Base.lproj/Main.storyboard; sourceTree = "<group>"; };
		5990D2511E8F039C00ABE381 /* Info.plist */ = {isa = PBXFileReference; lastKnownFileType = text.plist.xml; path = Info.plist; sourceTree = "<group>"; };
		5990D2561E8F039C00ABE381 /* MACTests.xctest */ = {isa = PBXFileReference; explicitFileType = wrapper.cfbundle; includeInIndex = 0; path = MACTests.xctest; sourceTree = BUILT_PRODUCTS_DIR; };
		5990D25A1E8F039C00ABE381 /* MACTests.swift */ = {isa = PBXFileReference; lastKnownFileType = sourcecode.swift; path = MACTests.swift; sourceTree = "<group>"; };
		5990D25C1E8F039C00ABE381 /* Info.plist */ = {isa = PBXFileReference; lastKnownFileType = text.plist.xml; path = Info.plist; sourceTree = "<group>"; };
		5990D2611E8F039C00ABE381 /* MACUITests.xctest */ = {isa = PBXFileReference; explicitFileType = wrapper.cfbundle; includeInIndex = 0; path = MACUITests.xctest; sourceTree = BUILT_PRODUCTS_DIR; };
		5990D2651E8F039C00ABE381 /* MACUITests.swift */ = {isa = PBXFileReference; lastKnownFileType = sourcecode.swift; path = MACUITests.swift; sourceTree = "<group>"; };
		5990D2671E8F039C00ABE381 /* Info.plist */ = {isa = PBXFileReference; lastKnownFileType = text.plist.xml; path = Info.plist; sourceTree = "<group>"; };
		5990D27F1E8F06A500ABE381 /* gpx.py */ = {isa = PBXFileReference; fileEncoding = 4; lastKnownFileType = text.script.python; path = gpx.py; sourceTree = "<group>"; };
/* End PBXFileReference section */

/* Begin PBXFrameworksBuildPhase section */
		5990D2421E8F039C00ABE381 /* Frameworks */ = {
			isa = PBXFrameworksBuildPhase;
			buildActionMask = 2147483647;
			files = (
			);
			runOnlyForDeploymentPostprocessing = 0;
		};
		5990D2531E8F039C00ABE381 /* Frameworks */ = {
			isa = PBXFrameworksBuildPhase;
			buildActionMask = 2147483647;
			files = (
			);
			runOnlyForDeploymentPostprocessing = 0;
		};
		5990D25E1E8F039C00ABE381 /* Frameworks */ = {
			isa = PBXFrameworksBuildPhase;
			buildActionMask = 2147483647;
			files = (
			);
			runOnlyForDeploymentPostprocessing = 0;
		};
/* End PBXFrameworksBuildPhase section */

/* Begin PBXGroup section */
		5990D23C1E8F039C00ABE381 = {
			isa = PBXGroup;
			children = (
				5990D2471E8F039C00ABE381 /* MAC */,
				5990D2591E8F039C00ABE381 /* MACTests */,
				5990D2641E8F039C00ABE381 /* MACUITests */,
				5990D2461E8F039C00ABE381 /* Products */,
			);
			sourceTree = "<group>";
		};
		5990D2461E8F039C00ABE381 /* Products */ = {
			isa = PBXGroup;
			children = (
				5990D2451E8F039C00ABE381 /* MAC.app */,
				5990D2561E8F039C00ABE381 /* MACTests.xctest */,
				5990D2611E8F039C00ABE381 /* MACUITests.xctest */,
			);
			name = Products;
			sourceTree = "<group>";
		};
		5990D2471E8F039C00ABE381 /* MAC */ = {
			isa = PBXGroup;
			children = (
				5990D2481E8F039C00ABE381 /* AppDelegate.swift */,
				5990D24A1E8F039C00ABE381 /* ViewController.swift */,
				5990D24C1E8F039C00ABE381 /* Assets.xcassets */,
				5990D27F1E8F06A500ABE381 /* gpx.py */,
				5990D24E1E8F039C00ABE381 /* Main.storyboard */,
				5990D2511E8F039C00ABE381 /* Info.plist */,
			);
			path = MAC;
			sourceTree = "<group>";
		};
		5990D2591E8F039C00ABE381 /* MACTests */ = {
			isa = PBXGroup;
			children = (
				5990D25A1E8F039C00ABE381 /* MACTests.swift */,
				5990D25C1E8F039C00ABE381 /* Info.plist */,
			);
			path = MACTests;
			sourceTree = "<group>";
		};
		5990D2641E8F039C00ABE381 /* MACUITests */ = {
			isa = PBXGroup;
			children = (
				5990D2651E8F039C00ABE381 /* MACUITests.swift */,
				5990D2671E8F039C00ABE381 /* Info.plist */,
			);
			path = MACUITests;
			sourceTree = "<group>";
		};
/* End PBXGroup section */

/* Begin PBXNativeTarget section */
		5990D2441E8F039C00ABE381 /* MAC */ = {
			isa = PBXNativeTarget;
			buildConfigurationList = 5990D26A1E8F039C00ABE381 /* Build configuration list for PBXNativeTarget "MAC" */;
			buildPhases = (
				5990D2411E8F039C00ABE381 /* Sources */,
				5990D2421E8F039C00ABE381 /* Frameworks */,
				5990D2431E8F039C00ABE381 /* Resources */,
			);
			buildRules = (
			);
			dependencies = (
			);
			name = MAC;
			productName = MAC;
			productReference = 5990D2451E8F039C00ABE381 /* MAC.app */;
			productType = "com.apple.product-type.application";
		};
		5990D2551E8F039C00ABE381 /* MACTests */ = {
			isa = PBXNativeTarget;
			buildConfigurationList = 5990D26D1E8F039C00ABE381 /* Build configuration list for PBXNativeTarget "MACTests" */;
			buildPhases = (
				5990D2521E8F039C00ABE381 /* Sources */,
				5990D2531E8F039C00ABE381 /* Frameworks */,
				5990D2541E8F039C00ABE381 /* Resources */,
			);
			buildRules = (
			);
			dependencies = (
				5990D2581E8F039C00ABE381 /* PBXTargetDependency */,
			);
			name = MACTests;
			productName = MACTests;
			productReference = 5990D2561E8F039C00ABE381 /* MACTests.xctest */;
			productType = "com.apple.product-type.bundle.unit-test";
		};
		5990D2601E8F039C00ABE381 /* MACUITests */ = {
			isa = PBXNativeTarget;
			buildConfigurationList = 5990D2701E8F039C00ABE381 /* Build configuration list for PBXNativeTarget "MACUITests" */;
			buildPhases = (
				5990D25D1E8F039C00ABE381 /* Sources */,
				5990D25E1E8F039C00ABE381 /* Frameworks */,
				5990D25F1E8F039C00ABE381 /* Resources */,
			);
			buildRules = (
			);
			dependencies = (
				5990D2631E8F039C00ABE381 /* PBXTargetDependency */,
			);
			name = MACUITests;
			productName = MACUITests;
			productReference = 5990D2611E8F039C00ABE381 /* MACUITests.xctest */;
			productType = "com.apple.product-type.bundle.ui-testing";
		};
/* End PBXNativeTarget section */

/* Begin PBXProject section */
		5990D23D1E8F039C00ABE381 /* Project object */ = {
			isa = PBXProject;
			attributes = {
				LastSwiftUpdateCheck = 0820;
				LastUpgradeCheck = 0820;
				ORGANIZATIONNAME = Delta;
				TargetAttributes = {
					5990D2441E8F039C00ABE381 = {
						CreatedOnToolsVersion = 8.2.1;
						ProvisioningStyle = Automatic;
					};
					5990D2551E8F039C00ABE381 = {
						CreatedOnToolsVersion = 8.2.1;
						ProvisioningStyle = Automatic;
						TestTargetID = 5990D2441E8F039C00ABE381;
					};
					5990D2601E8F039C00ABE381 = {
						CreatedOnToolsVersion = 8.2.1;
						ProvisioningStyle = Automatic;
						TestTargetID = 5990D2441E8F039C00ABE381;
					};
				};
			};
			buildConfigurationList = 5990D2401E8F039C00ABE381 /* Build configuration list for PBXProject "MAC" */;
			compatibilityVersion = "Xcode 3.2";
			developmentRegion = English;
			hasScannedForEncodings = 0;
			knownRegions = (
				en,
				Base,
			);
			mainGroup = 5990D23C1E8F039C00ABE381;
			productRefGroup = 5990D2461E8F039C00ABE381 /* Products */;
			projectDirPath = "";
			projectRoot = "";
			targets = (
				5990D2441E8F039C00ABE381 /* MAC */,
				5990D2551E8F039C00ABE381 /* MACTests */,
				5990D2601E8F039C00ABE381 /* MACUITests */,
			);
		};
/* End PBXProject section */

/* Begin PBXResourcesBuildPhase section */
		5990D2431E8F039C00ABE381 /* Resources */ = {
			isa = PBXResourcesBuildPhase;
			buildActionMask = 2147483647;
			files = (
				5990D24D1E8F039C00ABE381 /* Assets.xcassets in Resources */,
				5990D2501E8F039C00ABE381 /* Main.storyboard in Resources */,
				5990D2801E8F06A500ABE381 /* gpx.py in Resources */,
			);
			runOnlyForDeploymentPostprocessing = 0;
		};
		5990D2541E8F039C00ABE381 /* Resources */ = {
			isa = PBXResourcesBuildPhase;
			buildActionMask = 2147483647;
			files = (
			);
			runOnlyForDeploymentPostprocessing = 0;
		};
		5990D25F1E8F039C00ABE381 /* Resources */ = {
			isa = PBXResourcesBuildPhase;
			buildActionMask = 2147483647;
			files = (
			);
			runOnlyForDeploymentPostprocessing = 0;
		};
/* End PBXResourcesBuildPhase section */

/* Begin PBXSourcesBuildPhase section */
		5990D2411E8F039C00ABE381 /* Sources */ = {
			isa = PBXSourcesBuildPhase;
			buildActionMask = 2147483647;
			files = (
				5990D24B1E8F039C00ABE381 /* ViewController.swift in Sources */,
				5990D2491E8F039C00ABE381 /* AppDelegate.swift in Sources */,
			);
			runOnlyForDeploymentPostprocessing = 0;
		};
		5990D2521E8F039C00ABE381 /* Sources */ = {
			isa = PBXSourcesBuildPhase;
			buildActionMask = 2147483647;
			files = (
				5990D25B1E8F039C00ABE381 /* MACTests.swift in Sources */,
			);
			runOnlyForDeploymentPostprocessing = 0;
		};
		5990D25D1E8F039C00ABE381 /* Sources */ = {
			isa = PBXSourcesBuildPhase;
			buildActionMask = 2147483647;
			files = (
				5990D2661E8F039C00ABE381 /* MACUITests.swift in Sources */,
			);
			runOnlyForDeploymentPostprocessing = 0;
		};
/* End PBXSourcesBuildPhase section */

/* Begin PBXTargetDependency section */
		5990D2581E8F039C00ABE381 /* PBXTargetDependency */ = {
			isa = PBXTargetDependency;
			target = 5990D2441E8F039C00ABE381 /* MAC */;
			targetProxy = 5990D2571E8F039C00ABE381 /* PBXContainerItemProxy */;
		};
		5990D2631E8F039C00ABE381 /* PBXTargetDependency */ = {
			isa = PBXTargetDependency;
			target = 5990D2441E8F039C00ABE381 /* MAC */;
			targetProxy = 5990D2621E8F039C00ABE381 /* PBXContainerItemProxy */;
		};
/* End PBXTargetDependency section */

/* Begin PBXVariantGroup section */
		5990D24E1E8F039C00ABE381 /* Main.storyboard */ = {
			isa = PBXVariantGroup;
			children = (
				5990D24F1E8F039C00ABE381 /* Base */,
			);
			name = Main.storyboard;
			sourceTree = "<group>";
		};
/* End PBXVariantGroup section */

/* Begin XCBuildConfiguration section */
		5990D2681E8F039C00ABE381 /* Debug */ = {
			isa = XCBuildConfiguration;
			buildSettings = {
				ALWAYS_SEARCH_USER_PATHS = NO;
				CLANG_ANALYZER_NONNULL = YES;
				CLANG_CXX_LANGUAGE_STANDARD = "gnu++0x";
				CLANG_CXX_LIBRARY = "libc++";
				CLANG_ENABLE_MODULES = YES;
				CLANG_ENABLE_OBJC_ARC = YES;
				CLANG_WARN_BOOL_CONVERSION = YES;
				CLANG_WARN_CONSTANT_CONVERSION = YES;
				CLANG_WARN_DIRECT_OBJC_ISA_USAGE = YES_ERROR;
				CLANG_WARN_DOCUMENTATION_COMMENTS = YES;
				CLANG_WARN_EMPTY_BODY = YES;
				CLANG_WARN_ENUM_CONVERSION = YES;
				CLANG_WARN_INFINITE_RECURSION = YES;
				CLANG_WARN_INT_CONVERSION = YES;
				CLANG_WARN_OBJC_ROOT_CLASS = YES_ERROR;
				CLANG_WARN_SUSPICIOUS_MOVE = YES;
				CLANG_WARN_UNREACHABLE_CODE = YES;
				CLANG_WARN__DUPLICATE_METHOD_MATCH = YES;
				CODE_SIGN_IDENTITY = "-";
				COPY_PHASE_STRIP = NO;
				DEBUG_INFORMATION_FORMAT = dwarf;
				ENABLE_STRICT_OBJC_MSGSEND = YES;
				ENABLE_TESTABILITY = YES;
				GCC_C_LANGUAGE_STANDARD = gnu99;
				GCC_DYNAMIC_NO_PIC = NO;
				GCC_NO_COMMON_BLOCKS = YES;
				GCC_OPTIMIZATION_LEVEL = 0;
				GCC_PREPROCESSOR_DEFINITIONS = (
					"DEBUG=1",
					"$(inherited)",
				);
				GCC_WARN_64_TO_32_BIT_CONVERSION = YES;
				GCC_WARN_ABOUT_RETURN_TYPE = YES_ERROR;
				GCC_WARN_UNDECLARED_SELECTOR = YES;
				GCC_WARN_UNINITIALIZED_AUTOS = YES_AGGRESSIVE;
				GCC_WARN_UNUSED_FUNCTION = YES;
				GCC_WARN_UNUSED_VARIABLE = YES;
				MACOSX_DEPLOYMENT_TARGET = 10.11;
				MTL_ENABLE_DEBUG_INFO = YES;
				ONLY_ACTIVE_ARCH = YES;
				SDKROOT = macosx;
				SWIFT_ACTIVE_COMPILATION_CONDITIONS = DEBUG;
				SWIFT_OPTIMIZATION_LEVEL = "-Onone";
			};
			name = Debug;
		};
		5990D2691E8F039C00ABE381 /* Release */ = {
			isa = XCBuildConfiguration;
			buildSettings = {
				ALWAYS_SEARCH_USER_PATHS = NO;
				CLANG_ANALYZER_NONNULL = YES;
				CLANG_CXX_LANGUAGE_STANDARD = "gnu++0x";
				CLANG_CXX_LIBRARY = "libc++";
				CLANG_ENABLE_MODULES = YES;
				CLANG_ENABLE_OBJC_ARC = YES;
				CLANG_WARN_BOOL_CONVERSION = YES;
				CLANG_WARN_CONSTANT_CONVERSION = YES;
				CLANG_WARN_DIRECT_OBJC_ISA_USAGE = YES_ERROR;
				CLANG_WARN_DOCUMENTATION_COMMENTS = YES;
				CLANG_WARN_EMPTY_BODY = YES;
				CLANG_WARN_ENUM_CONVERSION = YES;
				CLANG_WARN_INFINITE_RECURSION = YES;
				CLANG_WARN_INT_CONVERSION = YES;
				CLANG_WARN_OBJC_ROOT_CLASS = YES_ERROR;
				CLANG_WARN_SUSPICIOUS_MOVE = YES;
				CLANG_WARN_UNREACHABLE_CODE = YES;
				CLANG_WARN__DUPLICATE_METHOD_MATCH = YES;
				CODE_SIGN_IDENTITY = "-";
				COPY_PHASE_STRIP = NO;
				DEBUG_INFORMATION_FORMAT = "dwarf-with-dsym";
				ENABLE_NS_ASSERTIONS = NO;
				ENABLE_STRICT_OBJC_MSGSEND = YES;
				GCC_C_LANGUAGE_STANDARD = gnu99;
				GCC_NO_COMMON_BLOCKS = YES;
				GCC_WARN_64_TO_32_BIT_CONVERSION = YES;
				GCC_WARN_ABOUT_RETURN_TYPE = YES_ERROR;
				GCC_WARN_UNDECLARED_SELECTOR = YES;
				GCC_WARN_UNINITIALIZED_AUTOS = YES_AGGRESSIVE;
				GCC_WARN_UNUSED_FUNCTION = YES;
				GCC_WARN_UNUSED_VARIABLE = YES;
				MACOSX_DEPLOYMENT_TARGET = 10.11;
				MTL_ENABLE_DEBUG_INFO = NO;
				SDKROOT = macosx;
				SWIFT_OPTIMIZATION_LEVEL = "-Owholemodule";
			};
			name = Release;
		};
		5990D26B1E8F039C00ABE381 /* Debug */ = {
			isa = XCBuildConfiguration;
			buildSettings = {
				ASSETCATALOG_COMPILER_APPICON_NAME = AppIcon;
				COMBINE_HIDPI_IMAGES = YES;
				INFOPLIST_FILE = MAC/Info.plist;
				LD_RUNPATH_SEARCH_PATHS = "$(inherited) @executable_path/../Frameworks";
				PRODUCT_BUNDLE_IDENTIFIER = edu.northwestern.delta.MAC;
				PRODUCT_NAME = "$(TARGET_NAME)";
				SWIFT_VERSION = 3.0;
			};
			name = Debug;
		};
		5990D26C1E8F039C00ABE381 /* Release */ = {
			isa = XCBuildConfiguration;
			buildSettings = {
				ASSETCATALOG_COMPILER_APPICON_NAME = AppIcon;
				COMBINE_HIDPI_IMAGES = YES;
				INFOPLIST_FILE = MAC/Info.plist;
				LD_RUNPATH_SEARCH_PATHS = "$(inherited) @executable_path/../Frameworks";
				PRODUCT_BUNDLE_IDENTIFIER = edu.northwestern.delta.MAC;
				PRODUCT_NAME = "$(TARGET_NAME)";
				SWIFT_VERSION = 3.0;
			};
			name = Release;
		};
		5990D26E1E8F039C00ABE381 /* Debug */ = {
			isa = XCBuildConfiguration;
			buildSettings = {
				ALWAYS_EMBED_SWIFT_STANDARD_LIBRARIES = YES;
				BUNDLE_LOADER = "$(TEST_HOST)";
				COMBINE_HIDPI_IMAGES = YES;
				INFOPLIST_FILE = MACTests/Info.plist;
				LD_RUNPATH_SEARCH_PATHS = "$(inherited) @executable_path/../Frameworks @loader_path/../Frameworks";
				PRODUCT_BUNDLE_IDENTIFIER = edu.northwestern.delta.MACTests;
				PRODUCT_NAME = "$(TARGET_NAME)";
				SWIFT_VERSION = 3.0;
				TEST_HOST = "$(BUILT_PRODUCTS_DIR)/MAC.app/Contents/MacOS/MAC";
			};
			name = Debug;
		};
		5990D26F1E8F039C00ABE381 /* Release */ = {
			isa = XCBuildConfiguration;
			buildSettings = {
				ALWAYS_EMBED_SWIFT_STANDARD_LIBRARIES = YES;
				BUNDLE_LOADER = "$(TEST_HOST)";
				COMBINE_HIDPI_IMAGES = YES;
				INFOPLIST_FILE = MACTests/Info.plist;
				LD_RUNPATH_SEARCH_PATHS = "$(inherited) @executable_path/../Frameworks @loader_path/../Frameworks";
				PRODUCT_BUNDLE_IDENTIFIER = edu.northwestern.delta.MACTests;
				PRODUCT_NAME = "$(TARGET_NAME)";
				SWIFT_VERSION = 3.0;
				TEST_HOST = "$(BUILT_PRODUCTS_DIR)/MAC.app/Contents/MacOS/MAC";
			};
			name = Release;
		};
		5990D2711E8F039C00ABE381 /* Debug */ = {
			isa = XCBuildConfiguration;
			buildSettings = {
				ALWAYS_EMBED_SWIFT_STANDARD_LIBRARIES = YES;
				COMBINE_HIDPI_IMAGES = YES;
				INFOPLIST_FILE = MACUITests/Info.plist;
				LD_RUNPATH_SEARCH_PATHS = "$(inherited) @executable_path/../Frameworks @loader_path/../Frameworks";
				PRODUCT_BUNDLE_IDENTIFIER = edu.northwestern.delta.MACUITests;
				PRODUCT_NAME = "$(TARGET_NAME)";
				SWIFT_VERSION = 3.0;
				TEST_TARGET_NAME = MAC;
			};
			name = Debug;
		};
		5990D2721E8F039C00ABE381 /* Release */ = {
			isa = XCBuildConfiguration;
			buildSettings = {
				ALWAYS_EMBED_SWIFT_STANDARD_LIBRARIES = YES;
				COMBINE_HIDPI_IMAGES = YES;
				INFOPLIST_FILE = MACUITests/Info.plist;
				LD_RUNPATH_SEARCH_PATHS = "$(inherited) @executable_path/../Frameworks @loader_path/../Frameworks";
				PRODUCT_BUNDLE_IDENTIFIER = edu.northwestern.delta.MACUITests;
				PRODUCT_NAME = "$(TARGET_NAME)";
				SWIFT_VERSION = 3.0;
				TEST_TARGET_NAME = MAC;
			};
			name = Release;
		};
/* End XCBuildConfiguration section */

/* Begin XCConfigurationList section */
		5990D2401E8F039C00ABE381 /* Build configuration list for PBXProject "MAC" */ = {
			isa = XCConfigurationList;
			buildConfigurations = (
				5990D2681E8F039C00ABE381 /* Debug */,
				5990D2691E8F039C00ABE381 /* Release */,
			);
			defaultConfigurationIsVisible = 0;
			defaultConfigurationName = Release;
		};
		5990D26A1E8F039C00ABE381 /* Build configuration list for PBXNativeTarget "MAC" */ = {
			isa = XCConfigurationList;
			buildConfigurations = (
				5990D26B1E8F039C00ABE381 /* Debug */,
				5990D26C1E8F039C00ABE381 /* Release */,
			);
			defaultConfigurationIsVisible = 0;
		};
		5990D26D1E8F039C00ABE381 /* Build configuration list for PBXNativeTarget "MACTests" */ = {
			isa = XCConfigurationList;
			buildConfigurations = (
				5990D26E1E8F039C00ABE381 /* Debug */,
				5990D26F1E8F039C00ABE381 /* Release */,
			);
			defaultConfigurationIsVisible = 0;
		};
		5990D2701E8F039C00ABE381 /* Build configuration list for PBXNativeTarget "MACUITests" */ = {
			isa = XCConfigurationList;
			buildConfigurations = (
				5990D2711E8F039C00ABE381 /* Debug */,
				5990D2721E8F039C00ABE381 /* Release */,
			);
			defaultConfigurationIsVisible = 0;
		};
/* End XCConfigurationList section */
	};
	rootObject = 5990D23D1E8F039C00ABE381 /* Project object */;
}
