// !$*UTF8*$!
{
	archiveVersion = 1;
	classes = {
	};
	objectVersion = 46;
	objects = {

/* Begin PBXBuildFile section */
		59063C3B1E15B93D00659527 /* BackgroundTaskManager.m in Sources */ = {isa = PBXBuildFile; fileRef = 59063C3A1E15B93D00659527 /* BackgroundTaskManager.m */; };
		59063C3D1E15BA1A00659527 /* Pretracker.swift in Sources */ = {isa = PBXBuildFile; fileRef = 59063C3C1E15BA1A00659527 /* Pretracker.swift */; };
		59063C4D1E15DAC900659527 /* route1.gpx in Resources */ = {isa = PBXBuildFile; fileRef = 59063C481E15DAC900659527 /* route1.gpx */; };
		59063C4E1E15DAC900659527 /* route2.gpx in Resources */ = {isa = PBXBuildFile; fileRef = 59063C491E15DAC900659527 /* route2.gpx */; };
		59063C4F1E15DAC900659527 /* route3.gpx in Resources */ = {isa = PBXBuildFile; fileRef = 59063C4A1E15DAC900659527 /* route3.gpx */; };
		59063C501E15DAC900659527 /* tolab.gpx in Resources */ = {isa = PBXBuildFile; fileRef = 59063C4B1E15DAC900659527 /* tolab.gpx */; };
		59063C511E15DAC900659527 /* from home to lab.gpx in Resources */ = {isa = PBXBuildFile; fileRef = 59063C4C1E15DAC900659527 /* from home to lab.gpx */; };
		590C48B51E8B1079004D43AE /* search.png in Resources */ = {isa = PBXBuildFile; fileRef = 590C48B41E8B1079004D43AE /* search.png */; };
		590C48B71E8B118C004D43AE /* lost.png in Resources */ = {isa = PBXBuildFile; fileRef = 590C48B61E8B118C004D43AE /* lost.png */; };
		590C48B91E8B11DC004D43AE /* settings.png in Resources */ = {isa = PBXBuildFile; fileRef = 590C48B81E8B11DC004D43AE /* settings.png */; };
		590C48BB1E8B1386004D43AE /* admin.png in Resources */ = {isa = PBXBuildFile; fileRef = 590C48BA1E8B1386004D43AE /* admin.png */; };
		593823E11E889B3100D8BF78 /* CommManager.swift in Sources */ = {isa = PBXBuildFile; fileRef = 593823E01E889B3100D8BF78 /* CommManager.swift */; };
		594D05851E1F057600061E93 /* HitRoad.swift in Sources */ = {isa = PBXBuildFile; fileRef = 594D05841E1F057600061E93 /* HitRoad.swift */; };
		5958C1861E089EE30086B1FE /* AppDelegate.swift in Sources */ = {isa = PBXBuildFile; fileRef = 5958C1851E089EE30086B1FE /* AppDelegate.swift */; };
		5958C1881E089EE30086B1FE /* ViewController.swift in Sources */ = {isa = PBXBuildFile; fileRef = 5958C1871E089EE30086B1FE /* ViewController.swift */; };
		5958C18B1E089EE30086B1FE /* Main.storyboard in Resources */ = {isa = PBXBuildFile; fileRef = 5958C1891E089EE30086B1FE /* Main.storyboard */; };
		5958C18D1E089EE30086B1FE /* Assets.xcassets in Resources */ = {isa = PBXBuildFile; fileRef = 5958C18C1E089EE30086B1FE /* Assets.xcassets */; };
		5958C1901E089EE30086B1FE /* LaunchScreen.storyboard in Resources */ = {isa = PBXBuildFile; fileRef = 5958C18E1E089EE30086B1FE /* LaunchScreen.storyboard */; };
		5958C19B1E089EE30086B1FE /* hitorwaitTests.swift in Sources */ = {isa = PBXBuildFile; fileRef = 5958C19A1E089EE30086B1FE /* hitorwaitTests.swift */; };
		5958C1A61E089EE30086B1FE /* hitorwaitUITests.swift in Sources */ = {isa = PBXBuildFile; fileRef = 5958C1A51E089EE30086B1FE /* hitorwaitUITests.swift */; };
		5958C1B51E08A9A20086B1FE /* User.swift in Sources */ = {isa = PBXBuildFile; fileRef = 5958C1B41E08A9A20086B1FE /* User.swift */; };
		59A907E11EA91DD5006BE33A /* from home to lab.gpx in Resources */ = {isa = PBXBuildFile; fileRef = 59A907E01EA91DD5006BE33A /* from home to lab.gpx */; };
		59ABF0C71E8C3CC20043C49C /* ContextManager.swift in Sources */ = {isa = PBXBuildFile; fileRef = 59ABF0C61E8C3CC20043C49C /* ContextManager.swift */; };
		59ABF0CB1E8D720C0043C49C /* Icon.png in Resources */ = {isa = PBXBuildFile; fileRef = 59ABF0CA1E8D720C0043C49C /* Icon.png */; };
		59CF630B1E47DA3F00108F3B /* LogInViewController.swift in Sources */ = {isa = PBXBuildFile; fileRef = 59CF630A1E47DA3F00108F3B /* LogInViewController.swift */; };
		59CF630D1E47E0B000108F3B /* LostItemViewController.swift in Sources */ = {isa = PBXBuildFile; fileRef = 59CF630C1E47E0B000108F3B /* LostItemViewController.swift */; };
		59CF630F1E4A757700108F3B /* LostItemRegion.swift in Sources */ = {isa = PBXBuildFile; fileRef = 59CF630E1E4A757700108F3B /* LostItemRegion.swift */; };
		59CF63131E54C66500108F3B /* RequestViewController.swift in Sources */ = {isa = PBXBuildFile; fileRef = 59CF63121E54C66500108F3B /* RequestViewController.swift */; };
		59F2B9AB1E8AD256004F351E /* tabBarViewController.swift in Sources */ = {isa = PBXBuildFile; fileRef = 59F2B9AA1E8AD256004F351E /* tabBarViewController.swift */; };
		59F2B9AD1E8AD713004F351E /* SettingsViewController.swift in Sources */ = {isa = PBXBuildFile; fileRef = 59F2B9AC1E8AD713004F351E /* SettingsViewController.swift */; };
		59F5ACD31E81ADDC0095F0B4 /* Config.swift in Sources */ = {isa = PBXBuildFile; fileRef = 59F5ACD21E81ADDC0095F0B4 /* Config.swift */; };
/* End PBXBuildFile section */

/* Begin PBXContainerItemProxy section */
		5958C1971E089EE30086B1FE /* PBXContainerItemProxy */ = {
			isa = PBXContainerItemProxy;
			containerPortal = 5958C17A1E089EE30086B1FE /* Project object */;
			proxyType = 1;
			remoteGlobalIDString = 5958C1811E089EE30086B1FE;
			remoteInfo = hitorwait;
		};
		5958C1A21E089EE30086B1FE /* PBXContainerItemProxy */ = {
			isa = PBXContainerItemProxy;
			containerPortal = 5958C17A1E089EE30086B1FE /* Project object */;
			proxyType = 1;
			remoteGlobalIDString = 5958C1811E089EE30086B1FE;
			remoteInfo = hitorwait;
		};
/* End PBXContainerItemProxy section */

/* Begin PBXFileReference section */
		59063C381E15B93C00659527 /* hitorwait-Bridging-Header.h */ = {isa = PBXFileReference; lastKnownFileType = sourcecode.c.h; path = "hitorwait-Bridging-Header.h"; sourceTree = "<group>"; };
		59063C391E15B93D00659527 /* BackgroundTaskManager.h */ = {isa = PBXFileReference; fileEncoding = 4; lastKnownFileType = sourcecode.c.h; path = BackgroundTaskManager.h; sourceTree = "<group>"; };
		59063C3A1E15B93D00659527 /* BackgroundTaskManager.m */ = {isa = PBXFileReference; fileEncoding = 4; lastKnownFileType = sourcecode.c.objc; path = BackgroundTaskManager.m; sourceTree = "<group>"; };
		59063C3C1E15BA1A00659527 /* Pretracker.swift */ = {isa = PBXFileReference; fileEncoding = 4; lastKnownFileType = sourcecode.swift; path = Pretracker.swift; sourceTree = "<group>"; };
		59063C481E15DAC900659527 /* route1.gpx */ = {isa = PBXFileReference; fileEncoding = 4; lastKnownFileType = text.xml; path = route1.gpx; sourceTree = "<group>"; };
		59063C491E15DAC900659527 /* route2.gpx */ = {isa = PBXFileReference; fileEncoding = 4; lastKnownFileType = text.xml; path = route2.gpx; sourceTree = "<group>"; };
		59063C4A1E15DAC900659527 /* route3.gpx */ = {isa = PBXFileReference; fileEncoding = 4; lastKnownFileType = text.xml; path = route3.gpx; sourceTree = "<group>"; };
		59063C4B1E15DAC900659527 /* tolab.gpx */ = {isa = PBXFileReference; fileEncoding = 4; lastKnownFileType = text; path = tolab.gpx; sourceTree = "<group>"; };
		59063C4C1E15DAC900659527 /* from home to lab.gpx */ = {isa = PBXFileReference; fileEncoding = 4; lastKnownFileType = text.xml; path = "from home to lab.gpx"; sourceTree = "<group>"; };
		590C48B41E8B1079004D43AE /* search.png */ = {isa = PBXFileReference; lastKnownFileType = image.png; path = search.png; sourceTree = "<group>"; };
		590C48B61E8B118C004D43AE /* lost.png */ = {isa = PBXFileReference; lastKnownFileType = image.png; path = lost.png; sourceTree = "<group>"; };
		590C48B81E8B11DC004D43AE /* settings.png */ = {isa = PBXFileReference; lastKnownFileType = image.png; path = settings.png; sourceTree = "<group>"; };
		590C48BA1E8B1386004D43AE /* admin.png */ = {isa = PBXFileReference; lastKnownFileType = image.png; path = admin.png; sourceTree = "<group>"; };
		593823E01E889B3100D8BF78 /* CommManager.swift */ = {isa = PBXFileReference; fileEncoding = 4; lastKnownFileType = sourcecode.swift; path = CommManager.swift; sourceTree = "<group>"; };
		594D05841E1F057600061E93 /* HitRoad.swift */ = {isa = PBXFileReference; fileEncoding = 4; lastKnownFileType = sourcecode.swift; path = HitRoad.swift; sourceTree = "<group>"; };
		595176441E83115800C5B7B8 /* hitorwait.entitlements */ = {isa = PBXFileReference; lastKnownFileType = text.plist.entitlements; path = hitorwait.entitlements; sourceTree = "<group>"; };
		5958C1821E089EE30086B1FE /* hitorwait.app */ = {isa = PBXFileReference; explicitFileType = wrapper.application; includeInIndex = 0; path = hitorwait.app; sourceTree = BUILT_PRODUCTS_DIR; };
		5958C1851E089EE30086B1FE /* AppDelegate.swift */ = {isa = PBXFileReference; lastKnownFileType = sourcecode.swift; path = AppDelegate.swift; sourceTree = "<group>"; };
		5958C1871E089EE30086B1FE /* ViewController.swift */ = {isa = PBXFileReference; lastKnownFileType = sourcecode.swift; path = ViewController.swift; sourceTree = "<group>"; };
		5958C18A1E089EE30086B1FE /* Base */ = {isa = PBXFileReference; lastKnownFileType = file.storyboard; name = Base; path = Base.lproj/Main.storyboard; sourceTree = "<group>"; };
		5958C18C1E089EE30086B1FE /* Assets.xcassets */ = {isa = PBXFileReference; lastKnownFileType = folder.assetcatalog; path = Assets.xcassets; sourceTree = "<group>"; };
		5958C18F1E089EE30086B1FE /* Base */ = {isa = PBXFileReference; lastKnownFileType = file.storyboard; name = Base; path = Base.lproj/LaunchScreen.storyboard; sourceTree = "<group>"; };
		5958C1911E089EE30086B1FE /* Info.plist */ = {isa = PBXFileReference; lastKnownFileType = text.plist.xml; path = Info.plist; sourceTree = "<group>"; };
		5958C1961E089EE30086B1FE /* hitorwaitTests.xctest */ = {isa = PBXFileReference; explicitFileType = wrapper.cfbundle; includeInIndex = 0; path = hitorwaitTests.xctest; sourceTree = BUILT_PRODUCTS_DIR; };
		5958C19A1E089EE30086B1FE /* hitorwaitTests.swift */ = {isa = PBXFileReference; lastKnownFileType = sourcecode.swift; path = hitorwaitTests.swift; sourceTree = "<group>"; };
		5958C19C1E089EE30086B1FE /* Info.plist */ = {isa = PBXFileReference; lastKnownFileType = text.plist.xml; path = Info.plist; sourceTree = "<group>"; };
		5958C1A11E089EE30086B1FE /* hitorwaitUITests.xctest */ = {isa = PBXFileReference; explicitFileType = wrapper.cfbundle; includeInIndex = 0; path = hitorwaitUITests.xctest; sourceTree = BUILT_PRODUCTS_DIR; };
		5958C1A51E089EE30086B1FE /* hitorwaitUITests.swift */ = {isa = PBXFileReference; lastKnownFileType = sourcecode.swift; path = hitorwaitUITests.swift; sourceTree = "<group>"; };
		5958C1A71E089EE30086B1FE /* Info.plist */ = {isa = PBXFileReference; lastKnownFileType = text.plist.xml; path = Info.plist; sourceTree = "<group>"; };
		5958C1B41E08A9A20086B1FE /* User.swift */ = {isa = PBXFileReference; fileEncoding = 4; lastKnownFileType = sourcecode.swift; path = User.swift; sourceTree = "<group>"; };
		59A907E01EA91DD5006BE33A /* from home to lab.gpx */ = {isa = PBXFileReference; fileEncoding = 4; lastKnownFileType = text; path = "from home to lab.gpx"; sourceTree = "<group>"; };
		59ABF0C61E8C3CC20043C49C /* ContextManager.swift */ = {isa = PBXFileReference; fileEncoding = 4; lastKnownFileType = sourcecode.swift; path = ContextManager.swift; sourceTree = "<group>"; };
		59ABF0CA1E8D720C0043C49C /* Icon.png */ = {isa = PBXFileReference; lastKnownFileType = image.png; path = Icon.png; sourceTree = "<group>"; };
		59CF630A1E47DA3F00108F3B /* LogInViewController.swift */ = {isa = PBXFileReference; fileEncoding = 4; lastKnownFileType = sourcecode.swift; path = LogInViewController.swift; sourceTree = "<group>"; };
		59CF630C1E47E0B000108F3B /* LostItemViewController.swift */ = {isa = PBXFileReference; fileEncoding = 4; lastKnownFileType = sourcecode.swift; path = LostItemViewController.swift; sourceTree = "<group>"; };
		59CF630E1E4A757700108F3B /* LostItemRegion.swift */ = {isa = PBXFileReference; fileEncoding = 4; lastKnownFileType = sourcecode.swift; path = LostItemRegion.swift; sourceTree = "<group>"; };
		59CF63121E54C66500108F3B /* RequestViewController.swift */ = {isa = PBXFileReference; fileEncoding = 4; lastKnownFileType = sourcecode.swift; path = RequestViewController.swift; sourceTree = "<group>"; };
		59F2B9AA1E8AD256004F351E /* tabBarViewController.swift */ = {isa = PBXFileReference; fileEncoding = 4; lastKnownFileType = sourcecode.swift; path = tabBarViewController.swift; sourceTree = "<group>"; };
		59F2B9AC1E8AD713004F351E /* SettingsViewController.swift */ = {isa = PBXFileReference; fileEncoding = 4; lastKnownFileType = sourcecode.swift; path = SettingsViewController.swift; sourceTree = "<group>"; };
		59F5ACD21E81ADDC0095F0B4 /* Config.swift */ = {isa = PBXFileReference; fileEncoding = 4; lastKnownFileType = sourcecode.swift; path = Config.swift; sourceTree = "<group>"; };
/* End PBXFileReference section */

/* Begin PBXFrameworksBuildPhase section */
		5958C17F1E089EE30086B1FE /* Frameworks */ = {
			isa = PBXFrameworksBuildPhase;
			buildActionMask = 2147483647;
			files = (
			);
			runOnlyForDeploymentPostprocessing = 0;
		};
		5958C1931E089EE30086B1FE /* Frameworks */ = {
			isa = PBXFrameworksBuildPhase;
			buildActionMask = 2147483647;
			files = (
			);
			runOnlyForDeploymentPostprocessing = 0;
		};
		5958C19E1E089EE30086B1FE /* Frameworks */ = {
			isa = PBXFrameworksBuildPhase;
			buildActionMask = 2147483647;
			files = (
			);
			runOnlyForDeploymentPostprocessing = 0;
		};
/* End PBXFrameworksBuildPhase section */

/* Begin PBXGroup section */
		59063C521E15E02100659527 /* BackgroundTaskManager */ = {
			isa = PBXGroup;
			children = (
				59063C391E15B93D00659527 /* BackgroundTaskManager.h */,
				59063C3A1E15B93D00659527 /* BackgroundTaskManager.m */,
			);
			name = BackgroundTaskManager;
			sourceTree = "<group>";
		};
		5958C1791E089EE30086B1FE = {
			isa = PBXGroup;
			children = (
				5958C1841E089EE30086B1FE /* hitorwait */,
				5958C1991E089EE30086B1FE /* hitorwaitTests */,
				5958C1A41E089EE30086B1FE /* hitorwaitUITests */,
				5958C1831E089EE30086B1FE /* Products */,
			);
			sourceTree = "<group>";
		};
		5958C1831E089EE30086B1FE /* Products */ = {
			isa = PBXGroup;
			children = (
				5958C1821E089EE30086B1FE /* hitorwait.app */,
				5958C1961E089EE30086B1FE /* hitorwaitTests.xctest */,
				5958C1A11E089EE30086B1FE /* hitorwaitUITests.xctest */,
			);
			name = Products;
			sourceTree = "<group>";
		};
		5958C1841E089EE30086B1FE /* hitorwait */ = {
			isa = PBXGroup;
			children = (
				5958C1851E089EE30086B1FE /* AppDelegate.swift */,
				59F5ACD21E81ADDC0095F0B4 /* Config.swift */,
				59CF63111E4A759200108F3B /* VCs */,
				59CF63101E4A757F00108F3B /* Models */,
				59063C3C1E15BA1A00659527 /* Pretracker.swift */,
				59ABF0C61E8C3CC20043C49C /* ContextManager.swift */,
				593823E01E889B3100D8BF78 /* CommManager.swift */,
				5958C1891E089EE30086B1FE /* Main.storyboard */,
				59063C521E15E02100659527 /* BackgroundTaskManager */,
				5958C1B31E089EF90086B1FE /* Supporting files */,
			);
			path = hitorwait;
			sourceTree = "<group>";
		};
		5958C1991E089EE30086B1FE /* hitorwaitTests */ = {
			isa = PBXGroup;
			children = (
				5958C19A1E089EE30086B1FE /* hitorwaitTests.swift */,
				5958C19C1E089EE30086B1FE /* Info.plist */,
			);
			path = hitorwaitTests;
			sourceTree = "<group>";
		};
		5958C1A41E089EE30086B1FE /* hitorwaitUITests */ = {
			isa = PBXGroup;
			children = (
				5958C1A51E089EE30086B1FE /* hitorwaitUITests.swift */,
				5958C1A71E089EE30086B1FE /* Info.plist */,
			);
			path = hitorwaitUITests;
			sourceTree = "<group>";
		};
		5958C1B31E089EF90086B1FE /* Supporting files */ = {
			isa = PBXGroup;
			children = (
				59ABF0CA1E8D720C0043C49C /* Icon.png */,
				595176441E83115800C5B7B8 /* hitorwait.entitlements */,
				59ABF0C81E8C49EB0043C49C /* Images */,
				5958C18C1E089EE30086B1FE /* Assets.xcassets */,
				5958C18E1E089EE30086B1FE /* LaunchScreen.storyboard */,
				59ABF0C91E8C49F30043C49C /* Simulation Routes */,
				5958C1911E089EE30086B1FE /* Info.plist */,
				59063C381E15B93C00659527 /* hitorwait-Bridging-Header.h */,
			);
			name = "Supporting files";
			sourceTree = "<group>";
		};
		59ABF0C81E8C49EB0043C49C /* Images */ = {
			isa = PBXGroup;
			children = (
				590C48BA1E8B1386004D43AE /* admin.png */,
				590C48B61E8B118C004D43AE /* lost.png */,
				590C48B81E8B11DC004D43AE /* settings.png */,
				590C48B41E8B1079004D43AE /* search.png */,
			);
			name = Images;
			sourceTree = "<group>";
		};
		59ABF0C91E8C49F30043C49C /* Simulation Routes */ = {
			isa = PBXGroup;
			children = (
				59A907E01EA91DD5006BE33A /* from home to lab.gpx */,
				59063C481E15DAC900659527 /* route1.gpx */,
				59063C491E15DAC900659527 /* route2.gpx */,
				59063C4A1E15DAC900659527 /* route3.gpx */,
				59063C4B1E15DAC900659527 /* tolab.gpx */,
				59063C4C1E15DAC900659527 /* from home to lab.gpx */,
			);
			name = "Simulation Routes";
			sourceTree = "<group>";
		};
		59CF63101E4A757F00108F3B /* Models */ = {
			isa = PBXGroup;
			children = (
				594D05841E1F057600061E93 /* HitRoad.swift */,
				59CF630E1E4A757700108F3B /* LostItemRegion.swift */,
				5958C1B41E08A9A20086B1FE /* User.swift */,
			);
			name = Models;
			sourceTree = "<group>";
		};
		59CF63111E4A759200108F3B /* VCs */ = {
			isa = PBXGroup;
			children = (
				5958C1871E089EE30086B1FE /* ViewController.swift */,
				59CF630C1E47E0B000108F3B /* LostItemViewController.swift */,
				59F2B9AA1E8AD256004F351E /* tabBarViewController.swift */,
				59CF630A1E47DA3F00108F3B /* LogInViewController.swift */,
				59CF63121E54C66500108F3B /* RequestViewController.swift */,
				59F2B9AC1E8AD713004F351E /* SettingsViewController.swift */,
			);
			name = VCs;
			sourceTree = "<group>";
		};
/* End PBXGroup section */

/* Begin PBXNativeTarget section */
		5958C1811E089EE30086B1FE /* hitorwait */ = {
			isa = PBXNativeTarget;
			buildConfigurationList = 5958C1AA1E089EE30086B1FE /* Build configuration list for PBXNativeTarget "hitorwait" */;
			buildPhases = (
				5958C17E1E089EE30086B1FE /* Sources */,
				5958C17F1E089EE30086B1FE /* Frameworks */,
				5958C1801E089EE30086B1FE /* Resources */,
			);
			buildRules = (
			);
			dependencies = (
			);
			name = hitorwait;
			productName = hitorwait;
			productReference = 5958C1821E089EE30086B1FE /* hitorwait.app */;
			productType = "com.apple.product-type.application";
		};
		5958C1951E089EE30086B1FE /* hitorwaitTests */ = {
			isa = PBXNativeTarget;
			buildConfigurationList = 5958C1AD1E089EE30086B1FE /* Build configuration list for PBXNativeTarget "hitorwaitTests" */;
			buildPhases = (
				5958C1921E089EE30086B1FE /* Sources */,
				5958C1931E089EE30086B1FE /* Frameworks */,
				5958C1941E089EE30086B1FE /* Resources */,
			);
			buildRules = (
			);
			dependencies = (
				5958C1981E089EE30086B1FE /* PBXTargetDependency */,
			);
			name = hitorwaitTests;
			productName = hitorwaitTests;
			productReference = 5958C1961E089EE30086B1FE /* hitorwaitTests.xctest */;
			productType = "com.apple.product-type.bundle.unit-test";
		};
		5958C1A01E089EE30086B1FE /* hitorwaitUITests */ = {
			isa = PBXNativeTarget;
			buildConfigurationList = 5958C1B01E089EE30086B1FE /* Build configuration list for PBXNativeTarget "hitorwaitUITests" */;
			buildPhases = (
				5958C19D1E089EE30086B1FE /* Sources */,
				5958C19E1E089EE30086B1FE /* Frameworks */,
				5958C19F1E089EE30086B1FE /* Resources */,
			);
			buildRules = (
			);
			dependencies = (
				5958C1A31E089EE30086B1FE /* PBXTargetDependency */,
			);
			name = hitorwaitUITests;
			productName = hitorwaitUITests;
			productReference = 5958C1A11E089EE30086B1FE /* hitorwaitUITests.xctest */;
			productType = "com.apple.product-type.bundle.ui-testing";
		};
/* End PBXNativeTarget section */

/* Begin PBXProject section */
		5958C17A1E089EE30086B1FE /* Project object */ = {
			isa = PBXProject;
			attributes = {
				LastSwiftUpdateCheck = 0810;
				LastUpgradeCheck = 0810;
				ORGANIZATIONNAME = Delta;
				TargetAttributes = {
					5958C1811E089EE30086B1FE = {
						CreatedOnToolsVersion = 8.1;
						DevelopmentTeam = W4E2C6X642;
						LastSwiftMigration = 0820;
						ProvisioningStyle = Manual;
						SystemCapabilities = {
							com.apple.BackgroundModes = {
								enabled = 1;
							};
							com.apple.Push = {
								enabled = 1;
							};
						};
					};
					5958C1951E089EE30086B1FE = {
						CreatedOnToolsVersion = 8.1;
						ProvisioningStyle = Automatic;
						TestTargetID = 5958C1811E089EE30086B1FE;
					};
					5958C1A01E089EE30086B1FE = {
						CreatedOnToolsVersion = 8.1;
						ProvisioningStyle = Automatic;
						TestTargetID = 5958C1811E089EE30086B1FE;
					};
				};
			};
			buildConfigurationList = 5958C17D1E089EE30086B1FE /* Build configuration list for PBXProject "hitorwait" */;
			compatibilityVersion = "Xcode 3.2";
			developmentRegion = English;
			hasScannedForEncodings = 0;
			knownRegions = (
				en,
				Base,
			);
			mainGroup = 5958C1791E089EE30086B1FE;
			productRefGroup = 5958C1831E089EE30086B1FE /* Products */;
			projectDirPath = "";
			projectRoot = "";
			targets = (
				5958C1811E089EE30086B1FE /* hitorwait */,
				5958C1951E089EE30086B1FE /* hitorwaitTests */,
				5958C1A01E089EE30086B1FE /* hitorwaitUITests */,
			);
		};
/* End PBXProject section */

/* Begin PBXResourcesBuildPhase section */
		5958C1801E089EE30086B1FE /* Resources */ = {
			isa = PBXResourcesBuildPhase;
			buildActionMask = 2147483647;
			files = (
				59063C4D1E15DAC900659527 /* route1.gpx in Resources */,
				590C48B71E8B118C004D43AE /* lost.png in Resources */,
				590C48B51E8B1079004D43AE /* search.png in Resources */,
				590C48B91E8B11DC004D43AE /* settings.png in Resources */,
				5958C1901E089EE30086B1FE /* LaunchScreen.storyboard in Resources */,
				590C48BB1E8B1386004D43AE /* admin.png in Resources */,
				59063C501E15DAC900659527 /* tolab.gpx in Resources */,
				59ABF0CB1E8D720C0043C49C /* Icon.png in Resources */,
				59063C4E1E15DAC900659527 /* route2.gpx in Resources */,
				5958C18D1E089EE30086B1FE /* Assets.xcassets in Resources */,
				59063C511E15DAC900659527 /* from home to lab.gpx in Resources */,
				59063C4F1E15DAC900659527 /* route3.gpx in Resources */,
				59A907E11EA91DD5006BE33A /* from home to lab.gpx in Resources */,
				5958C18B1E089EE30086B1FE /* Main.storyboard in Resources */,
			);
			runOnlyForDeploymentPostprocessing = 0;
		};
		5958C1941E089EE30086B1FE /* Resources */ = {
			isa = PBXResourcesBuildPhase;
			buildActionMask = 2147483647;
			files = (
			);
			runOnlyForDeploymentPostprocessing = 0;
		};
		5958C19F1E089EE30086B1FE /* Resources */ = {
			isa = PBXResourcesBuildPhase;
			buildActionMask = 2147483647;
			files = (
			);
			runOnlyForDeploymentPostprocessing = 0;
		};
/* End PBXResourcesBuildPhase section */

/* Begin PBXSourcesBuildPhase section */
		5958C17E1E089EE30086B1FE /* Sources */ = {
			isa = PBXSourcesBuildPhase;
			buildActionMask = 2147483647;
			files = (
				59063C3D1E15BA1A00659527 /* Pretracker.swift in Sources */,
				59063C3B1E15B93D00659527 /* BackgroundTaskManager.m in Sources */,
				5958C1881E089EE30086B1FE /* ViewController.swift in Sources */,
				5958C1861E089EE30086B1FE /* AppDelegate.swift in Sources */,
				593823E11E889B3100D8BF78 /* CommManager.swift in Sources */,
				59CF630F1E4A757700108F3B /* LostItemRegion.swift in Sources */,
				59F5ACD31E81ADDC0095F0B4 /* Config.swift in Sources */,
				59CF630D1E47E0B000108F3B /* LostItemViewController.swift in Sources */,
				59F2B9AD1E8AD713004F351E /* SettingsViewController.swift in Sources */,
				59CF630B1E47DA3F00108F3B /* LogInViewController.swift in Sources */,
				594D05851E1F057600061E93 /* HitRoad.swift in Sources */,
				59F2B9AB1E8AD256004F351E /* tabBarViewController.swift in Sources */,
				59CF63131E54C66500108F3B /* RequestViewController.swift in Sources */,
				5958C1B51E08A9A20086B1FE /* User.swift in Sources */,
				59ABF0C71E8C3CC20043C49C /* ContextManager.swift in Sources */,
			);
			runOnlyForDeploymentPostprocessing = 0;
		};
		5958C1921E089EE30086B1FE /* Sources */ = {
			isa = PBXSourcesBuildPhase;
			buildActionMask = 2147483647;
			files = (
				5958C19B1E089EE30086B1FE /* hitorwaitTests.swift in Sources */,
			);
			runOnlyForDeploymentPostprocessing = 0;
		};
		5958C19D1E089EE30086B1FE /* Sources */ = {
			isa = PBXSourcesBuildPhase;
			buildActionMask = 2147483647;
			files = (
				5958C1A61E089EE30086B1FE /* hitorwaitUITests.swift in Sources */,
			);
			runOnlyForDeploymentPostprocessing = 0;
		};
/* End PBXSourcesBuildPhase section */

/* Begin PBXTargetDependency section */
		5958C1981E089EE30086B1FE /* PBXTargetDependency */ = {
			isa = PBXTargetDependency;
			target = 5958C1811E089EE30086B1FE /* hitorwait */;
			targetProxy = 5958C1971E089EE30086B1FE /* PBXContainerItemProxy */;
		};
		5958C1A31E089EE30086B1FE /* PBXTargetDependency */ = {
			isa = PBXTargetDependency;
			target = 5958C1811E089EE30086B1FE /* hitorwait */;
			targetProxy = 5958C1A21E089EE30086B1FE /* PBXContainerItemProxy */;
		};
/* End PBXTargetDependency section */

/* Begin PBXVariantGroup section */
		5958C1891E089EE30086B1FE /* Main.storyboard */ = {
			isa = PBXVariantGroup;
			children = (
				5958C18A1E089EE30086B1FE /* Base */,
			);
			name = Main.storyboard;
			sourceTree = "<group>";
		};
		5958C18E1E089EE30086B1FE /* LaunchScreen.storyboard */ = {
			isa = PBXVariantGroup;
			children = (
				5958C18F1E089EE30086B1FE /* Base */,
			);
			name = LaunchScreen.storyboard;
			sourceTree = "<group>";
		};
/* End PBXVariantGroup section */

/* Begin XCBuildConfiguration section */
		5958C1A81E089EE30086B1FE /* Debug */ = {
			isa = XCBuildConfiguration;
			buildSettings = {
				ALWAYS_SEARCH_USER_PATHS = NO;
				CLANG_ANALYZER_NONNULL = YES;
				CLANG_CXX_LANGUAGE_STANDARD = "gnu++0x";
				CLANG_CXX_LIBRARY = "libc++";
				CLANG_ENABLE_MODULES = YES;
				CLANG_ENABLE_OBJC_ARC = YES;
				CLANG_WARN_BOOL_CONVERSION = YES;
				CLANG_WARN_CONSTANT_CONVERSION = YES;
				CLANG_WARN_DIRECT_OBJC_ISA_USAGE = YES_ERROR;
				CLANG_WARN_DOCUMENTATION_COMMENTS = YES;
				CLANG_WARN_EMPTY_BODY = YES;
				CLANG_WARN_ENUM_CONVERSION = YES;
				CLANG_WARN_INFINITE_RECURSION = YES;
				CLANG_WARN_INT_CONVERSION = YES;
				CLANG_WARN_OBJC_ROOT_CLASS = YES_ERROR;
				CLANG_WARN_SUSPICIOUS_MOVES = YES;
				CLANG_WARN_UNREACHABLE_CODE = YES;
				CLANG_WARN__DUPLICATE_METHOD_MATCH = YES;
				"CODE_SIGN_IDENTITY[sdk=iphoneos*]" = "iPhone Developer";
				COPY_PHASE_STRIP = NO;
				DEBUG_INFORMATION_FORMAT = dwarf;
				ENABLE_STRICT_OBJC_MSGSEND = YES;
				ENABLE_TESTABILITY = YES;
				GCC_C_LANGUAGE_STANDARD = gnu99;
				GCC_DYNAMIC_NO_PIC = NO;
				GCC_NO_COMMON_BLOCKS = YES;
				GCC_OPTIMIZATION_LEVEL = 0;
				GCC_PREPROCESSOR_DEFINITIONS = (
					"DEBUG=1",
					"$(inherited)",
				);
				GCC_WARN_64_TO_32_BIT_CONVERSION = YES;
				GCC_WARN_ABOUT_RETURN_TYPE = YES_ERROR;
				GCC_WARN_UNDECLARED_SELECTOR = YES;
				GCC_WARN_UNINITIALIZED_AUTOS = YES_AGGRESSIVE;
				GCC_WARN_UNUSED_FUNCTION = YES;
				GCC_WARN_UNUSED_VARIABLE = YES;
				IPHONEOS_DEPLOYMENT_TARGET = 10.1;
				MTL_ENABLE_DEBUG_INFO = YES;
				ONLY_ACTIVE_ARCH = YES;
				SDKROOT = iphoneos;
				SWIFT_ACTIVE_COMPILATION_CONDITIONS = DEBUG;
				SWIFT_OPTIMIZATION_LEVEL = "-Onone";
			};
			name = Debug;
		};
		5958C1A91E089EE30086B1FE /* Release */ = {
			isa = XCBuildConfiguration;
			buildSettings = {
				ALWAYS_SEARCH_USER_PATHS = NO;
				CLANG_ANALYZER_NONNULL = YES;
				CLANG_CXX_LANGUAGE_STANDARD = "gnu++0x";
				CLANG_CXX_LIBRARY = "libc++";
				CLANG_ENABLE_MODULES = YES;
				CLANG_ENABLE_OBJC_ARC = YES;
				CLANG_WARN_BOOL_CONVERSION = YES;
				CLANG_WARN_CONSTANT_CONVERSION = YES;
				CLANG_WARN_DIRECT_OBJC_ISA_USAGE = YES_ERROR;
				CLANG_WARN_DOCUMENTATION_COMMENTS = YES;
				CLANG_WARN_EMPTY_BODY = YES;
				CLANG_WARN_ENUM_CONVERSION = YES;
				CLANG_WARN_INFINITE_RECURSION = YES;
				CLANG_WARN_INT_CONVERSION = YES;
				CLANG_WARN_OBJC_ROOT_CLASS = YES_ERROR;
				CLANG_WARN_SUSPICIOUS_MOVES = YES;
				CLANG_WARN_UNREACHABLE_CODE = YES;
				CLANG_WARN__DUPLICATE_METHOD_MATCH = YES;
				"CODE_SIGN_IDENTITY[sdk=iphoneos*]" = "iPhone Developer";
				COPY_PHASE_STRIP = NO;
				DEBUG_INFORMATION_FORMAT = "dwarf-with-dsym";
				ENABLE_NS_ASSERTIONS = NO;
				ENABLE_STRICT_OBJC_MSGSEND = YES;
				GCC_C_LANGUAGE_STANDARD = gnu99;
				GCC_NO_COMMON_BLOCKS = YES;
				GCC_WARN_64_TO_32_BIT_CONVERSION = YES;
				GCC_WARN_ABOUT_RETURN_TYPE = YES_ERROR;
				GCC_WARN_UNDECLARED_SELECTOR = YES;
				GCC_WARN_UNINITIALIZED_AUTOS = YES_AGGRESSIVE;
				GCC_WARN_UNUSED_FUNCTION = YES;
				GCC_WARN_UNUSED_VARIABLE = YES;
				IPHONEOS_DEPLOYMENT_TARGET = 10.1;
				MTL_ENABLE_DEBUG_INFO = NO;
				SDKROOT = iphoneos;
				SWIFT_OPTIMIZATION_LEVEL = "-Owholemodule";
				VALIDATE_PRODUCT = YES;
			};
			name = Release;
		};
		5958C1AB1E089EE30086B1FE /* Debug */ = {
			isa = XCBuildConfiguration;
			buildSettings = {
				ASSETCATALOG_COMPILER_APPICON_NAME = AppIcon;
				CLANG_ENABLE_MODULES = YES;
				CODE_SIGN_ENTITLEMENTS = hitorwait/hitorwait.entitlements;
				"CODE_SIGN_IDENTITY[sdk=iphoneos*]" = "iPhone Developer";
				DEVELOPMENT_TEAM = W4E2C6X642;
				INFOPLIST_FILE = hitorwait/Info.plist;
				IPHONEOS_DEPLOYMENT_TARGET = 10.0;
				LD_RUNPATH_SEARCH_PATHS = "$(inherited) @executable_path/Frameworks";
				PRODUCT_BUNDLE_IDENTIFIER = edu.northwestern.delta.otgDev;
				PRODUCT_NAME = "$(TARGET_NAME)";
				PROVISIONING_PROFILE = "6831b970-fa5d-4d40-804c-18cd3b94adc8";
				PROVISIONING_PROFILE_SPECIFIER = "OTG Dev";
				SWIFT_OBJC_BRIDGING_HEADER = "hitorwait/hitorwait-Bridging-Header.h";
				SWIFT_OPTIMIZATION_LEVEL = "-Onone";
				SWIFT_VERSION = 3.0;
			};
			name = Debug;
		};
		5958C1AC1E089EE30086B1FE /* Release */ = {
			isa = XCBuildConfiguration;
			buildSettings = {
				ASSETCATALOG_COMPILER_APPICON_NAME = AppIcon;
				CLANG_ENABLE_MODULES = YES;
				CODE_SIGN_ENTITLEMENTS = hitorwait/hitorwait.entitlements;
				CODE_SIGN_IDENTITY = "iPhone Distribution: Northwestern University";
				"CODE_SIGN_IDENTITY[sdk=iphoneos*]" = "iPhone Developer";
				DEVELOPMENT_TEAM = W4E2C6X642;
				INFOPLIST_FILE = hitorwait/Info.plist;
				IPHONEOS_DEPLOYMENT_TARGET = 10.0;
				LD_RUNPATH_SEARCH_PATHS = "$(inherited) @executable_path/Frameworks";
				PRODUCT_BUNDLE_IDENTIFIER = edu.northwestern.delta.otgDev;
				PRODUCT_NAME = "$(TARGET_NAME)";
				PROVISIONING_PROFILE = "6831b970-fa5d-4d40-804c-18cd3b94adc8";
				PROVISIONING_PROFILE_SPECIFIER = "OTG Dev";
				SWIFT_OBJC_BRIDGING_HEADER = "hitorwait/hitorwait-Bridging-Header.h";
				SWIFT_VERSION = 3.0;
			};
			name = Release;
		};
		5958C1AE1E089EE30086B1FE /* Debug */ = {
			isa = XCBuildConfiguration;
			buildSettings = {
				ALWAYS_EMBED_SWIFT_STANDARD_LIBRARIES = YES;
				BUNDLE_LOADER = "$(TEST_HOST)";
				INFOPLIST_FILE = hitorwaitTests/Info.plist;
				LD_RUNPATH_SEARCH_PATHS = "$(inherited) @executable_path/Frameworks @loader_path/Frameworks";
				PRODUCT_BUNDLE_IDENTIFIER = edu.northwestern.delta.hitorwaitTests;
				PRODUCT_NAME = "$(TARGET_NAME)";
				SWIFT_VERSION = 3.0;
				TEST_HOST = "$(BUILT_PRODUCTS_DIR)/hitorwait.app/hitorwait";
			};
			name = Debug;
		};
		5958C1AF1E089EE30086B1FE /* Release */ = {
			isa = XCBuildConfiguration;
			buildSettings = {
				ALWAYS_EMBED_SWIFT_STANDARD_LIBRARIES = YES;
				BUNDLE_LOADER = "$(TEST_HOST)";
				INFOPLIST_FILE = hitorwaitTests/Info.plist;
				LD_RUNPATH_SEARCH_PATHS = "$(inherited) @executable_path/Frameworks @loader_path/Frameworks";
				PRODUCT_BUNDLE_IDENTIFIER = edu.northwestern.delta.hitorwaitTests;
				PRODUCT_NAME = "$(TARGET_NAME)";
				SWIFT_VERSION = 3.0;
				TEST_HOST = "$(BUILT_PRODUCTS_DIR)/hitorwait.app/hitorwait";
			};
			name = Release;
		};
		5958C1B11E089EE30086B1FE /* Debug */ = {
			isa = XCBuildConfiguration;
			buildSettings = {
				ALWAYS_EMBED_SWIFT_STANDARD_LIBRARIES = YES;
				INFOPLIST_FILE = hitorwaitUITests/Info.plist;
				LD_RUNPATH_SEARCH_PATHS = "$(inherited) @executable_path/Frameworks @loader_path/Frameworks";
				PRODUCT_BUNDLE_IDENTIFIER = edu.northwestern.delta.hitorwaitUITests;
				PRODUCT_NAME = "$(TARGET_NAME)";
				SWIFT_VERSION = 3.0;
				TEST_TARGET_NAME = hitorwait;
			};
			name = Debug;
		};
		5958C1B21E089EE30086B1FE /* Release */ = {
			isa = XCBuildConfiguration;
			buildSettings = {
				ALWAYS_EMBED_SWIFT_STANDARD_LIBRARIES = YES;
				INFOPLIST_FILE = hitorwaitUITests/Info.plist;
				LD_RUNPATH_SEARCH_PATHS = "$(inherited) @executable_path/Frameworks @loader_path/Frameworks";
				PRODUCT_BUNDLE_IDENTIFIER = edu.northwestern.delta.hitorwaitUITests;
				PRODUCT_NAME = "$(TARGET_NAME)";
				SWIFT_VERSION = 3.0;
				TEST_TARGET_NAME = hitorwait;
			};
			name = Release;
		};
/* End XCBuildConfiguration section */

/* Begin XCConfigurationList section */
		5958C17D1E089EE30086B1FE /* Build configuration list for PBXProject "hitorwait" */ = {
			isa = XCConfigurationList;
			buildConfigurations = (
				5958C1A81E089EE30086B1FE /* Debug */,
				5958C1A91E089EE30086B1FE /* Release */,
			);
			defaultConfigurationIsVisible = 0;
			defaultConfigurationName = Release;
		};
		5958C1AA1E089EE30086B1FE /* Build configuration list for PBXNativeTarget "hitorwait" */ = {
			isa = XCConfigurationList;
			buildConfigurations = (
				5958C1AB1E089EE30086B1FE /* Debug */,
				5958C1AC1E089EE30086B1FE /* Release */,
			);
			defaultConfigurationIsVisible = 0;
			defaultConfigurationName = Release;
		};
		5958C1AD1E089EE30086B1FE /* Build configuration list for PBXNativeTarget "hitorwaitTests" */ = {
			isa = XCConfigurationList;
			buildConfigurations = (
				5958C1AE1E089EE30086B1FE /* Debug */,
				5958C1AF1E089EE30086B1FE /* Release */,
			);
			defaultConfigurationIsVisible = 0;
			defaultConfigurationName = Release;
		};
		5958C1B01E089EE30086B1FE /* Build configuration list for PBXNativeTarget "hitorwaitUITests" */ = {
			isa = XCConfigurationList;
			buildConfigurations = (
				5958C1B11E089EE30086B1FE /* Debug */,
				5958C1B21E089EE30086B1FE /* Release */,
			);
			defaultConfigurationIsVisible = 0;
			defaultConfigurationName = Release;
		};
/* End XCConfigurationList section */
	};
	rootObject = 5958C17A1E089EE30086B1FE /* Project object */;
}
